
Microsoft Visual Studio Solution File, Format Version 12.00
# Visual Studio Version 17
VisualStudioVersion = 17.0.31903.59
MinimumVisualStudioVersion = 10.0.40219.1
Project("{FAE04EC0-301F-11D3-BF4B-00C04F79EFBC}") = "EShoppingZone.ApiGateway", "EShoppingZone.ApiGateway\EShoppingZone.ApiGateway.csproj", "{6CEC4779-76E1-4FC5-939C-1B116D99DEB1}"
EndProject
Project("{2150E333-8FDC-42A3-9474-1A3956D46DE8}") = "Services", "Services", "{5854FF58-B8C5-05C6-5BF2-ACE42193F22B}"
EndProject
Project("{2150E333-8FDC-42A3-9474-1A3956D46DE8}") = "Cart.Service", "Cart.Service", "{AD7D18FA-2D80-9904-123A-520E38B2B125}"
EndProject
Project("{FAE04EC0-301F-11D3-BF4B-00C04F79EFBC}") = "EShoppingZone.Cart.API", "Services\Cart.Service\EShoppingZone.Cart.API\EShoppingZone.Cart.API.csproj", "{290691CB-D711-47F0-AF0A-7BFAC1C135EC}"
EndProject
Project("{2150E333-8FDC-42A3-9474-1A3956D46DE8}") = "Order.Service", "Order.Service", "{41C3B578-C460-ED3F-51C5-2F52ADFABE74}"
EndProject
Project("{FAE04EC0-301F-11D3-BF4B-00C04F79EFBC}") = "EShoppingZone.Order.API", "Services\Order.Service\EShoppingZone.Order.API\EShoppingZone.Order.API.csproj", "{35628DD7-EF7C-4EEA-950E-AB96CCA529FA}"
EndProject
Project("{2150E333-8FDC-42A3-9474-1A3956D46DE8}") = "Product.Service", "Product.Service", "{F3C38E03-8BCF-1831-CC90-1159C9FB852F}"
EndProject
Project("{FAE04EC0-301F-11D3-BF4B-00C04F79EFBC}") = "EShoppingZone.Product.API", "Services\Product.Service\EShoppingZone.Product.API\EShoppingZone.Product.API.csproj", "{3FF08E4E-6C04-4C54-8427-FF866921757A}"
EndProject
Project("{2150E333-8FDC-42A3-9474-1A3956D46DE8}") = "Profile.Service", "Profile.Service", "{ED1E70BB-546C-0428-CF92-5291CB976200}"
EndProject
Project("{FAE04EC0-301F-11D3-BF4B-00C04F79EFBC}") = "EShoppingZone.Profile.API", "Services\Profile.Service\EShoppingZone.Profile.API\EShoppingZone.Profile.API.csproj", "{B8375D82-BB90-4CB3-BF45-0E03B6C9DC12}"
EndProject
Project("{2150E333-8FDC-42A3-9474-1A3956D46DE8}") = "Wallet.Service", "Wallet.Service", "{74CF1C05-F38D-3A1A-B2A8-F8BA0DB56385}"
EndProject
Project("{FAE04EC0-301F-11D3-BF4B-00C04F79EFBC}") = "EShoppingZone.Wallet.API", "Services\Wallet.Service\EShoppingZone.Wallet.API\EShoppingZone.Wallet.API.csproj", "{DCAF0F02-0E9A-4E22-9646-FFDF7D4FE4B0}"
EndProject
Project("{2150E333-8FDC-42A3-9474-1A3956D46DE8}") = "Tests", "Tests", "{0AB3BF05-4346-4AA6-1389-037BE0695223}"
EndProject
Project("{FAE04EC0-301F-11D3-BF4B-00C04F79EFBC}") = "EShoppingZone.Cart.Tests", "Tests\EShoppingZone.Cart.Tests\EShoppingZone.Cart.Tests.csproj", "{66360A35-4D48-4E25-B7C4-0E7F81AC7F74}"
EndProject
Project("{FAE04EC0-301F-11D3-BF4B-00C04F79EFBC}") = "EShoppingZone.Gateway.Tests", "Tests\EShoppingZone.Gateway.Tests\EShoppingZone.Gateway.Tests.csproj", "{22F9D1C0-7E8F-4453-9F51-37AE1D425C37}"
EndProject
Project("{FAE04EC0-301F-11D3-BF4B-00C04F79EFBC}") = "EShoppingZone.Product.Tests", "Tests\EShoppingZone.Product.Tests\EShoppingZone.Product.Tests.csproj", "{B08F270B-2AD9-4C82-9B3B-0F6A849A1D12}"
EndProject
Project("{FAE04EC0-301F-11D3-BF4B-00C04F79EFBC}") = "EShoppingZone.Profile.Tests", "Tests\EShoppingZone.Profile.Tests\EShoppingZone.Profile.Tests.csproj", "{C8A0C168-9052-4EEB-BD4F-2912ABEA3495}"
EndProject
Project("{FAE04EC0-301F-11D3-BF4B-00C04F79EFBC}") = "EShoppingZone.Tests.Shared", "Tests\EShoppingZone.Tests.Shared\EShoppingZone.Tests.Shared.csproj", "{37C32960-8FE6-49AE-BA8C-96C396A251AF}"
EndProject
Project("{FAE04EC0-301F-11D3-BF4B-00C04F79EFBC}") = "EShoppingZone.Order.Tests", "Tests\EShoppingZone.Order.Tests\EShoppingZone.Order.Tests.csproj", "{CE91051A-2706-4929-86D1-D46832C0025A}"
EndProject
Project("{FAE04EC0-301F-11D3-BF4B-00C04F79EFBC}") = "EShoppingZone.Wallet.Tests", "Tests\EShoppingZone.Wallet.Tests\EShoppingZone.Wallet.Tests.csproj", "{5DAD789F-843E-4359-B6A4-93AB9DDD8723}"
EndProject
Global
	GlobalSection(SolutionConfigurationPlatforms) = preSolution
		Debug|Any CPU = Debug|Any CPU
		Debug|x64 = Debug|x64
		Debug|x86 = Debug|x86
		Release|Any CPU = Release|Any CPU
		Release|x64 = Release|x64
		Release|x86 = Release|x86
	EndGlobalSection
	GlobalSection(ProjectConfigurationPlatforms) = postSolution
		{6CEC4779-76E1-4FC5-939C-1B116D99DEB1}.Debug|Any CPU.ActiveCfg = Debug|Any CPU
		{6CEC4779-76E1-4FC5-939C-1B116D99DEB1}.Debug|Any CPU.Build.0 = Debug|Any CPU
		{6CEC4779-76E1-4FC5-939C-1B116D99DEB1}.Debug|x64.ActiveCfg = Debug|Any CPU
		{6CEC4779-76E1-4FC5-939C-1B116D99DEB1}.Debug|x64.Build.0 = Debug|Any CPU
		{6CEC4779-76E1-4FC5-939C-1B116D99DEB1}.Debug|x86.ActiveCfg = Debug|Any CPU
		{6CEC4779-76E1-4FC5-939C-1B116D99DEB1}.Debug|x86.Build.0 = Debug|Any CPU
		{6CEC4779-76E1-4FC5-939C-1B116D99DEB1}.Release|Any CPU.ActiveCfg = Release|Any CPU
		{6CEC4779-76E1-4FC5-939C-1B116D99DEB1}.Release|Any CPU.Build.0 = Release|Any CPU
		{6CEC4779-76E1-4FC5-939C-1B116D99DEB1}.Release|x64.ActiveCfg = Release|Any CPU
		{6CEC4779-76E1-4FC5-939C-1B116D99DEB1}.Release|x64.Build.0 = Release|Any CPU
		{6CEC4779-76E1-4FC5-939C-1B116D99DEB1}.Release|x86.ActiveCfg = Release|Any CPU
		{6CEC4779-76E1-4FC5-939C-1B116D99DEB1}.Release|x86.Build.0 = Release|Any CPU
		{290691CB-D711-47F0-AF0A-7BFAC1C135EC}.Debug|Any CPU.ActiveCfg = Debug|Any CPU
		{290691CB-D711-47F0-AF0A-7BFAC1C135EC}.Debug|Any CPU.Build.0 = Debug|Any CPU
		{290691CB-D711-47F0-AF0A-7BFAC1C135EC}.Debug|x64.ActiveCfg = Debug|Any CPU
		{290691CB-D711-47F0-AF0A-7BFAC1C135EC}.Debug|x64.Build.0 = Debug|Any CPU
		{290691CB-D711-47F0-AF0A-7BFAC1C135EC}.Debug|x86.ActiveCfg = Debug|Any CPU
		{290691CB-D711-47F0-AF0A-7BFAC1C135EC}.Debug|x86.Build.0 = Debug|Any CPU
		{290691CB-D711-47F0-AF0A-7BFAC1C135EC}.Release|Any CPU.ActiveCfg = Release|Any CPU
		{290691CB-D711-47F0-AF0A-7BFAC1C135EC}.Release|Any CPU.Build.0 = Release|Any CPU
		{290691CB-D711-47F0-AF0A-7BFAC1C135EC}.Release|x64.ActiveCfg = Release|Any CPU
		{290691CB-D711-47F0-AF0A-7BFAC1C135EC}.Release|x64.Build.0 = Release|Any CPU
		{290691CB-D711-47F0-AF0A-7BFAC1C135EC}.Release|x86.ActiveCfg = Release|Any CPU
		{290691CB-D711-47F0-AF0A-7BFAC1C135EC}.Release|x86.Build.0 = Release|Any CPU
		{35628DD7-EF7C-4EEA-950E-AB96CCA529FA}.Debug|Any CPU.ActiveCfg = Debug|Any CPU
		{35628DD7-EF7C-4EEA-950E-AB96CCA529FA}.Debug|Any CPU.Build.0 = Debug|Any CPU
		{35628DD7-EF7C-4EEA-950E-AB96CCA529FA}.Debug|x64.ActiveCfg = Debug|Any CPU
		{35628DD7-EF7C-4EEA-950E-AB96CCA529FA}.Debug|x64.Build.0 = Debug|Any CPU
		{35628DD7-EF7C-4EEA-950E-AB96CCA529FA}.Debug|x86.ActiveCfg = Debug|Any CPU
		{35628DD7-EF7C-4EEA-950E-AB96CCA529FA}.Debug|x86.Build.0 = Debug|Any CPU
		{35628DD7-EF7C-4EEA-950E-AB96CCA529FA}.Release|Any CPU.ActiveCfg = Release|Any CPU
		{35628DD7-EF7C-4EEA-950E-AB96CCA529FA}.Release|Any CPU.Build.0 = Release|Any CPU
		{35628DD7-EF7C-4EEA-950E-AB96CCA529FA}.Release|x64.ActiveCfg = Release|Any CPU
		{35628DD7-EF7C-4EEA-950E-AB96CCA529FA}.Release|x64.Build.0 = Release|Any CPU
		{35628DD7-EF7C-4EEA-950E-AB96CCA529FA}.Release|x86.ActiveCfg = Release|Any CPU
		{35628DD7-EF7C-4EEA-950E-AB96CCA529FA}.Release|x86.Build.0 = Release|Any CPU
		{3FF08E4E-6C04-4C54-8427-FF866921757A}.Debug|Any CPU.ActiveCfg = Debug|Any CPU
		{3FF08E4E-6C04-4C54-8427-FF866921757A}.Debug|Any CPU.Build.0 = Debug|Any CPU
		{3FF08E4E-6C04-4C54-8427-FF866921757A}.Debug|x64.ActiveCfg = Debug|Any CPU
		{3FF08E4E-6C04-4C54-8427-FF866921757A}.Debug|x64.Build.0 = Debug|Any CPU
		{3FF08E4E-6C04-4C54-8427-FF866921757A}.Debug|x86.ActiveCfg = Debug|Any CPU
		{3FF08E4E-6C04-4C54-8427-FF866921757A}.Debug|x86.Build.0 = Debug|Any CPU
		{3FF08E4E-6C04-4C54-8427-FF866921757A}.Release|Any CPU.ActiveCfg = Release|Any CPU
		{3FF08E4E-6C04-4C54-8427-FF866921757A}.Release|Any CPU.Build.0 = Release|Any CPU
		{3FF08E4E-6C04-4C54-8427-FF866921757A}.Release|x64.ActiveCfg = Release|Any CPU
		{3FF08E4E-6C04-4C54-8427-FF866921757A}.Release|x64.Build.0 = Release|Any CPU
		{3FF08E4E-6C04-4C54-8427-FF866921757A}.Release|x86.ActiveCfg = Release|Any CPU
		{3FF08E4E-6C04-4C54-8427-FF866921757A}.Release|x86.Build.0 = Release|Any CPU
		{B8375D82-BB90-4CB3-BF45-0E03B6C9DC12}.Debug|Any CPU.ActiveCfg = Debug|Any CPU
		{B8375D82-BB90-4CB3-BF45-0E03B6C9DC12}.Debug|Any CPU.Build.0 = Debug|Any CPU
		{B8375D82-BB90-4CB3-BF45-0E03B6C9DC12}.Debug|x64.ActiveCfg = Debug|Any CPU
		{B8375D82-BB90-4CB3-BF45-0E03B6C9DC12}.Debug|x64.Build.0 = Debug|Any CPU
		{B8375D82-BB90-4CB3-BF45-0E03B6C9DC12}.Debug|x86.ActiveCfg = Debug|Any CPU
		{B8375D82-BB90-4CB3-BF45-0E03B6C9DC12}.Debug|x86.Build.0 = Debug|Any CPU
		{B8375D82-BB90-4CB3-BF45-0E03B6C9DC12}.Release|Any CPU.ActiveCfg = Release|Any CPU
		{B8375D82-BB90-4CB3-BF45-0E03B6C9DC12}.Release|Any CPU.Build.0 = Release|Any CPU
		{B8375D82-BB90-4CB3-BF45-0E03B6C9DC12}.Release|x64.ActiveCfg = Release|Any CPU
		{B8375D82-BB90-4CB3-BF45-0E03B6C9DC12}.Release|x64.Build.0 = Release|Any CPU
		{B8375D82-BB90-4CB3-BF45-0E03B6C9DC12}.Release|x86.ActiveCfg = Release|Any CPU
		{B8375D82-BB90-4CB3-BF45-0E03B6C9DC12}.Release|x86.Build.0 = Release|Any CPU
		{DCAF0F02-0E9A-4E22-9646-FFDF7D4FE4B0}.Debug|Any CPU.ActiveCfg = Debug|Any CPU
		{DCAF0F02-0E9A-4E22-9646-FFDF7D4FE4B0}.Debug|Any CPU.Build.0 = Debug|Any CPU
		{DCAF0F02-0E9A-4E22-9646-FFDF7D4FE4B0}.Debug|x64.ActiveCfg = Debug|Any CPU
		{DCAF0F02-0E9A-4E22-9646-FFDF7D4FE4B0}.Debug|x64.Build.0 = Debug|Any CPU
		{DCAF0F02-0E9A-4E22-9646-FFDF7D4FE4B0}.Debug|x86.ActiveCfg = Debug|Any CPU
		{DCAF0F02-0E9A-4E22-9646-FFDF7D4FE4B0}.Debug|x86.Build.0 = Debug|Any CPU
		{DCAF0F02-0E9A-4E22-9646-FFDF7D4FE4B0}.Release|Any CPU.ActiveCfg = Release|Any CPU
		{DCAF0F02-0E9A-4E22-9646-FFDF7D4FE4B0}.Release|Any CPU.Build.0 = Release|Any CPU
		{DCAF0F02-0E9A-4E22-9646-FFDF7D4FE4B0}.Release|x64.ActiveCfg = Release|Any CPU
		{DCAF0F02-0E9A-4E22-9646-FFDF7D4FE4B0}.Release|x64.Build.0 = Release|Any CPU
		{DCAF0F02-0E9A-4E22-9646-FFDF7D4FE4B0}.Release|x86.ActiveCfg = Release|Any CPU
		{DCAF0F02-0E9A-4E22-9646-FFDF7D4FE4B0}.Release|x86.Build.0 = Release|Any CPU
		{66360A35-4D48-4E25-B7C4-0E7F81AC7F74}.Debug|Any CPU.ActiveCfg = Debug|Any CPU
		{66360A35-4D48-4E25-B7C4-0E7F81AC7F74}.Debug|Any CPU.Build.0 = Debug|Any CPU
		{66360A35-4D48-4E25-B7C4-0E7F81AC7F74}.Debug|x64.ActiveCfg = Debug|Any CPU
		{66360A35-4D48-4E25-B7C4-0E7F81AC7F74}.Debug|x64.Build.0 = Debug|Any CPU
		{66360A35-4D48-4E25-B7C4-0E7F81AC7F74}.Debug|x86.ActiveCfg = Debug|Any CPU
		{66360A35-4D48-4E25-B7C4-0E7F81AC7F74}.Debug|x86.Build.0 = Debug|Any CPU
		{66360A35-4D48-4E25-B7C4-0E7F81AC7F74}.Release|Any CPU.ActiveCfg = Release|Any CPU
		{66360A35-4D48-4E25-B7C4-0E7F81AC7F74}.Release|Any CPU.Build.0 = Release|Any CPU
		{66360A35-4D48-4E25-B7C4-0E7F81AC7F74}.Release|x64.ActiveCfg = Release|Any CPU
		{66360A35-4D48-4E25-B7C4-0E7F81AC7F74}.Release|x64.Build.0 = Release|Any CPU
		{66360A35-4D48-4E25-B7C4-0E7F81AC7F74}.Release|x86.ActiveCfg = Release|Any CPU
		{66360A35-4D48-4E25-B7C4-0E7F81AC7F74}.Release|x86.Build.0 = Release|Any CPU
		{22F9D1C0-7E8F-4453-9F51-37AE1D425C37}.Debug|Any CPU.ActiveCfg = Debug|Any CPU
		{22F9D1C0-7E8F-4453-9F51-37AE1D425C37}.Debug|Any CPU.Build.0 = Debug|Any CPU
		{22F9D1C0-7E8F-4453-9F51-37AE1D425C37}.Debug|x64.ActiveCfg = Debug|Any CPU
		{22F9D1C0-7E8F-4453-9F51-37AE1D425C37}.Debug|x64.Build.0 = Debug|Any CPU
		{22F9D1C0-7E8F-4453-9F51-37AE1D425C37}.Debug|x86.ActiveCfg = Debug|Any CPU
		{22F9D1C0-7E8F-4453-9F51-37AE1D425C37}.Debug|x86.Build.0 = Debug|Any CPU
		{22F9D1C0-7E8F-4453-9F51-37AE1D425C37}.Release|Any CPU.ActiveCfg = Release|Any CPU
		{22F9D1C0-7E8F-4453-9F51-37AE1D425C37}.Release|Any CPU.Build.0 = Release|Any CPU
		{22F9D1C0-7E8F-4453-9F51-37AE1D425C37}.Release|x64.ActiveCfg = Release|Any CPU
		{22F9D1C0-7E8F-4453-9F51-37AE1D425C37}.Release|x64.Build.0 = Release|Any CPU
		{22F9D1C0-7E8F-4453-9F51-37AE1D425C37}.Release|x86.ActiveCfg = Release|Any CPU
		{22F9D1C0-7E8F-4453-9F51-37AE1D425C37}.Release|x86.Build.0 = Release|Any CPU
		{B08F270B-2AD9-4C82-9B3B-0F6A849A1D12}.Debug|Any CPU.ActiveCfg = Debug|Any CPU
		{B08F270B-2AD9-4C82-9B3B-0F6A849A1D12}.Debug|Any CPU.Build.0 = Debug|Any CPU
		{B08F270B-2AD9-4C82-9B3B-0F6A849A1D12}.Debug|x64.ActiveCfg = Debug|Any CPU
		{B08F270B-2AD9-4C82-9B3B-0F6A849A1D12}.Debug|x64.Build.0 = Debug|Any CPU
		{B08F270B-2AD9-4C82-9B3B-0F6A849A1D12}.Debug|x86.ActiveCfg = Debug|Any CPU
		{B08F270B-2AD9-4C82-9B3B-0F6A849A1D12}.Debug|x86.Build.0 = Debug|Any CPU
		{B08F270B-2AD9-4C82-9B3B-0F6A849A1D12}.Release|Any CPU.ActiveCfg = Release|Any CPU
		{B08F270B-2AD9-4C82-9B3B-0F6A849A1D12}.Release|Any CPU.Build.0 = Release|Any CPU
		{B08F270B-2AD9-4C82-9B3B-0F6A849A1D12}.Release|x64.ActiveCfg = Release|Any CPU
		{B08F270B-2AD9-4C82-9B3B-0F6A849A1D12}.Release|x64.Build.0 = Release|Any CPU
		{B08F270B-2AD9-4C82-9B3B-0F6A849A1D12}.Release|x86.ActiveCfg = Release|Any CPU
		{B08F270B-2AD9-4C82-9B3B-0F6A849A1D12}.Release|x86.Build.0 = Release|Any CPU
		{C8A0C168-9052-4EEB-BD4F-2912ABEA3495}.Debug|Any CPU.ActiveCfg = Debug|Any CPU
		{C8A0C168-9052-4EEB-BD4F-2912ABEA3495}.Debug|Any CPU.Build.0 = Debug|Any CPU
		{C8A0C168-9052-4EEB-BD4F-2912ABEA3495}.Debug|x64.ActiveCfg = Debug|Any CPU
		{C8A0C168-9052-4EEB-BD4F-2912ABEA3495}.Debug|x64.Build.0 = Debug|Any CPU
		{C8A0C168-9052-4EEB-BD4F-2912ABEA3495}.Debug|x86.ActiveCfg = Debug|Any CPU
		{C8A0C168-9052-4EEB-BD4F-2912ABEA3495}.Debug|x86.Build.0 = Debug|Any CPU
		{C8A0C168-9052-4EEB-BD4F-2912ABEA3495}.Release|Any CPU.ActiveCfg = Release|Any CPU
		{C8A0C168-9052-4EEB-BD4F-2912ABEA3495}.Release|Any CPU.Build.0 = Release|Any CPU
		{C8A0C168-9052-4EEB-BD4F-2912ABEA3495}.Release|x64.ActiveCfg = Release|Any CPU
		{C8A0C168-9052-4EEB-BD4F-2912ABEA3495}.Release|x64.Build.0 = Release|Any CPU
		{C8A0C168-9052-4EEB-BD4F-2912ABEA3495}.Release|x86.ActiveCfg = Release|Any CPU
		{C8A0C168-9052-4EEB-BD4F-2912ABEA3495}.Release|x86.Build.0 = Release|Any CPU
		{37C32960-8FE6-49AE-BA8C-96C396A251AF}.Debug|Any CPU.ActiveCfg = Debug|Any CPU
		{37C32960-8FE6-49AE-BA8C-96C396A251AF}.Debug|Any CPU.Build.0 = Debug|Any CPU
		{37C32960-8FE6-49AE-BA8C-96C396A251AF}.Debug|x64.ActiveCfg = Debug|Any CPU
		{37C32960-8FE6-49AE-BA8C-96C396A251AF}.Debug|x64.Build.0 = Debug|Any CPU
		{37C32960-8FE6-49AE-BA8C-96C396A251AF}.Debug|x86.ActiveCfg = Debug|Any CPU
		{37C32960-8FE6-49AE-BA8C-96C396A251AF}.Debug|x86.Build.0 = Debug|Any CPU
		{37C32960-8FE6-49AE-BA8C-96C396A251AF}.Release|Any CPU.ActiveCfg = Release|Any CPU
		{37C32960-8FE6-49AE-BA8C-96C396A251AF}.Release|Any CPU.Build.0 = Release|Any CPU
		{37C32960-8FE6-49AE-BA8C-96C396A251AF}.Release|x64.ActiveCfg = Release|Any CPU
		{37C32960-8FE6-49AE-BA8C-96C396A251AF}.Release|x64.Build.0 = Release|Any CPU
		{37C32960-8FE6-49AE-BA8C-96C396A251AF}.Release|x86.ActiveCfg = Release|Any CPU
		{37C32960-8FE6-49AE-BA8C-96C396A251AF}.Release|x86.Build.0 = Release|Any CPU
		{CE91051A-2706-4929-86D1-D46832C0025A}.Debug|Any CPU.ActiveCfg = Debug|Any CPU
		{CE91051A-2706-4929-86D1-D46832C0025A}.Debug|Any CPU.Build.0 = Debug|Any CPU
		{CE91051A-2706-4929-86D1-D46832C0025A}.Debug|x64.ActiveCfg = Debug|Any CPU
		{CE91051A-2706-4929-86D1-D46832C0025A}.Debug|x64.Build.0 = Debug|Any CPU
		{CE91051A-2706-4929-86D1-D46832C0025A}.Debug|x86.ActiveCfg = Debug|Any CPU
		{CE91051A-2706-4929-86D1-D46832C0025A}.Debug|x86.Build.0 = Debug|Any CPU
		{CE91051A-2706-4929-86D1-D46832C0025A}.Release|Any CPU.ActiveCfg = Release|Any CPU
		{CE91051A-2706-4929-86D1-D46832C0025A}.Release|Any CPU.Build.0 = Release|Any CPU
		{CE91051A-2706-4929-86D1-D46832C0025A}.Release|x64.ActiveCfg = Release|Any CPU
		{CE91051A-2706-4929-86D1-D46832C0025A}.Release|x64.Build.0 = Release|Any CPU
		{CE91051A-2706-4929-86D1-D46832C0025A}.Release|x86.ActiveCfg = Release|Any CPU
		{CE91051A-2706-4929-86D1-D46832C0025A}.Release|x86.Build.0 = Release|Any CPU
		{5DAD789F-843E-4359-B6A4-93AB9DDD8723}.Debug|Any CPU.ActiveCfg = Debug|Any CPU
		{5DAD789F-843E-4359-B6A4-93AB9DDD8723}.Debug|Any CPU.Build.0 = Debug|Any CPU
		{5DAD789F-843E-4359-B6A4-93AB9DDD8723}.Debug|x64.ActiveCfg = Debug|Any CPU
		{5DAD789F-843E-4359-B6A4-93AB9DDD8723}.Debug|x64.Build.0 = Debug|Any CPU
		{5DAD789F-843E-4359-B6A4-93AB9DDD8723}.Debug|x86.ActiveCfg = Debug|Any CPU
		{5DAD789F-843E-4359-B6A4-93AB9DDD8723}.Debug|x86.Build.0 = Debug|Any CPU
		{5DAD789F-843E-4359-B6A4-93AB9DDD8723}.Release|Any CPU.ActiveCfg = Release|Any CPU
		{5DAD789F-843E-4359-B6A4-93AB9DDD8723}.Release|Any CPU.Build.0 = Release|Any CPU
		{5DAD789F-843E-4359-B6A4-93AB9DDD8723}.Release|x64.ActiveCfg = Release|Any CPU
		{5DAD789F-843E-4359-B6A4-93AB9DDD8723}.Release|x64.Build.0 = Release|Any CPU
		{5DAD789F-843E-4359-B6A4-93AB9DDD8723}.Release|x86.ActiveCfg = Release|Any CPU
		{5DAD789F-843E-4359-B6A4-93AB9DDD8723}.Release|x86.Build.0 = Release|Any CPU
	EndGlobalSection
	GlobalSection(SolutionProperties) = preSolution
		HideSolutionNode = FALSE
	EndGlobalSection
	GlobalSection(NestedProjects) = preSolution
		{AD7D18FA-2D80-9904-123A-520E38B2B125} = {5854FF58-B8C5-05C6-5BF2-ACE42193F22B}
		{290691CB-D711-47F0-AF0A-7BFAC1C135EC} = {AD7D18FA-2D80-9904-123A-520E38B2B125}
		{41C3B578-C460-ED3F-51C5-2F52ADFABE74} = {5854FF58-B8C5-05C6-5BF2-ACE42193F22B}
		{35628DD7-EF7C-4EEA-950E-AB96CCA529FA} = {41C3B578-C460-ED3F-51C5-2F52ADFABE74}
		{F3C38E03-8BCF-1831-CC90-1159C9FB852F} = {5854FF58-B8C5-05C6-5BF2-ACE42193F22B}
		{3FF08E4E-6C04-4C54-8427-FF866921757A} = {F3C38E03-8BCF-1831-CC90-1159C9FB852F}
		{ED1E70BB-546C-0428-CF92-5291CB976200} = {5854FF58-B8C5-05C6-5BF2-ACE42193F22B}
		{B8375D82-BB90-4CB3-BF45-0E03B6C9DC12} = {ED1E70BB-546C-0428-CF92-5291CB976200}
		{74CF1C05-F38D-3A1A-B2A8-F8BA0DB56385} = {5854FF58-B8C5-05C6-5BF2-ACE42193F22B}
		{DCAF0F02-0E9A-4E22-9646-FFDF7D4FE4B0} = {74CF1C05-F38D-3A1A-B2A8-F8BA0DB56385}
		{66360A35-4D48-4E25-B7C4-0E7F81AC7F74} = {0AB3BF05-4346-4AA6-1389-037BE0695223}
		{22F9D1C0-7E8F-4453-9F51-37AE1D425C37} = {0AB3BF05-4346-4AA6-1389-037BE0695223}
		{B08F270B-2AD9-4C82-9B3B-0F6A849A1D12} = {0AB3BF05-4346-4AA6-1389-037BE0695223}
		{C8A0C168-9052-4EEB-BD4F-2912ABEA3495} = {0AB3BF05-4346-4AA6-1389-037BE0695223}
		{37C32960-8FE6-49AE-BA8C-96C396A251AF} = {0AB3BF05-4346-4AA6-1389-037BE0695223}
		{CE91051A-2706-4929-86D1-D46832C0025A} = {0AB3BF05-4346-4AA6-1389-037BE0695223}
		{5DAD789F-843E-4359-B6A4-93AB9DDD8723} = {0AB3BF05-4346-4AA6-1389-037BE0695223}
	EndGlobalSection
EndGlobal
